github.com/bmatcuk/doublestar/v4 v4.10.0 h1:zU9WiOla1YA122oLM6i4EXvGW62DvKZVxIe6TYWexEs=
github.com/bmatcuk/doublestar/v4 v4.10.0/go.mod h1:xBQ8jztBU6kakFMg+8WGxn0c6z1fTSPVIjEY1Wr7jzc=
github.com/google/renameio/v2 v2.0.2 h1:qKZs+tfn+arruZZhQ7TKC/ergJunuJicWS6gLDt/dGw=
github.com/google/renameio/v2 v2.0.2/go.mod h1:OX+G6WHHpHq3NVj7cAOleLOwJfcQ1s3uUJQCrr78SWo=
github.com/johnrichter/claude-shared-tooling/go/bandcheck v0.1.0 h1:Azl/c4KnRd68sz8+ItxIhn+VP6ViUFgyow3mNLbtHLQ=
github.com/johnrichter/claude-shared-tooling/go/bandcheck v0.1.0/go.mod h1:CRRxK33Ep4KO+6uckKJ9cf1AI3IyQ+yrAK3eE1TFpZM=
github.com/johnrichter/claude-shared-tooling/go/fsx v0.1.0 h1:YvdyHlvEa8FBPVtqBKiHWtRh6qcZ2YQBPpoJvRZ3V2k=
github.com/johnrichter/claude-shared-tooling/go/fsx v0.1.0/go.mod h1:LyvBP1ps4T06RSwkpwGgfXsk8ytOEUbb5OycEjw1+qc=
github.com/johnrichter/claude-shared-tooling/go/gate v0.1.0 h1:u7xdLYqJcOUu2zSu4YzeGFhscnTga2uwRIiPI48J1vA=
github.com/johnrichter/claude-shared-tooling/go/gate v0.1.0/go.mod h1:l3NYeXwY7g5bZeqIp7f+luz7D3QrbT7aQSDA5L0zVY4=
github.com/johnrichter/claude-shared-tooling/go/graph v0.1.0 h1:tHO6qXW0ZmAahEHrCboqM4dGl6HcQ2kGq4LcWd0bk24=
github.com/johnrichter/claude-shared-tooling/go/graph v0.1.0/go.mod h1:9oRMmNQ5GssZ7WBeaaooLaaas/5lYKXCDAXyLPlQm80=
github.com/johnrichter/claude-shared-tooling/go/retrieve v0.1.0 h1:5IOGSflGVj6JZHxiLnCtVjA+rWhYvOO2wSuH+bg9oL8=
github.com/johnrichter/claude-shared-tooling/go/retrieve v0.1.0/go.mod h1:vVFNeVSYPeXBLGBvdUzZqyhwoVF3ClZbhpLMLzbkYHI=
github.com/johnrichter/claude-shared-tooling/go/roster v0.1.0 h1:tbla5f9ELeCPXS7loXTFcSAWfXEQ5InzJMWtl+SHnsg=
github.com/johnrichter/claude-shared-tooling/go/roster v0.1.0/go.mod h1:V9wndcPcz4BvLUiAo/MCE6k+A+fmGIehUxEg4YwFqKo=
github.com/johnrichter/claude-shared-tooling/go/state v0.1.0 h1:D76t+ulBbi46uCirSA8BUthE7BH2WBfjWO91ZrU0JME=
github.com/johnrichter/claude-shared-tooling/go/state v0.1.0/go.mod h1:chT/IlIdB/P+I16ZarlcFMr2IkNe1063Ngw/rrmyB1U=
github.com/johnrichter/claude-shared-tooling/go/sysops v0.1.0 h1:8Vs90UdK7zgG0UzFkmDdfAQhvafxVndLtddzP+O6JjY=
github.com/johnrichter/claude-shared-tooling/go/sysops v0.1.0/go.mod h1:h9vyyXfend/Ie362d9mWKaMAogkDsewruPAtvUORZnY=
github.com/johnrichter/claude-shared-tooling/go/transcript v0.1.0 h1:Y5NExSbjgux0xsry+rRtBgThw0NPNghZHld+FBFcbXM=
github.com/johnrichter/claude-shared-tooling/go/transcript v0.1.0/go.mod h1:3cvjTgJkhwiWP7BSTmT2ot9gIfDNC/SCuSxkmgqF6Lg=
gopkg.in/check.v1 v0.0.0-20161208181325-20d25e280405 h1:yhCVgyC4o1eVCa2tZl7eS0r+SDo693bJlVdllGtEeKM=
gopkg.in/check.v1 v0.0.0-20161208181325-20d25e280405/go.mod h1:Co6ibVJAznAaIkqp8huTwlJQCZ016jof/cbN4VW5Yz0=
gopkg.in/yaml.v3 v3.0.1 h1:fxVm/GzAzEWqLHuvctI91KS9hhNmmWOoWu0XTYJS7CA=
gopkg.in/yaml.v3 v3.0.1/go.mod h1:K4uyk7z7BCEPqu6E+C64Yfv1cQ7kz7rIZviUmN+EgEM=
